
Microsoft Visual Studio Solution File, Format Version 12.00
# Visual Studio Version 17
VisualStudioVersion = 17.1.32421.90
MinimumVisualStudioVersion = 10.0.40219.1
Project("{9A19103F-16F7-4668-BE54-9A1E7A4F7556}") = "ProjetoElevador_Documentacao", "ProjetoElevador_Documentacao\ProjetoElevador_Documentacao.csproj", "{F72DA787-3FAE-4A61-B988-696E3A31A6BA}"
EndProject
Global
	GlobalSection(SolutionConfigurationPlatforms) = preSolution
		Debug|Any CPU = Debug|Any CPU
		Release|Any CPU = Release|Any CPU
	EndGlobalSection
	GlobalSection(ProjectConfigurationPlatforms) = postSolution
		{F72DA787-3FAE-4A61-B988-696E3A31A6BA}.Debug|Any CPU.ActiveCfg = Debug|Any CPU
		{F72DA787-3FAE-4A61-B988-696E3A31A6BA}.Debug|Any CPU.Build.0 = Debug|Any CPU
		{F72DA787-3FAE-4A61-B988-696E3A31A6BA}.Release|Any CPU.ActiveCfg = Release|Any CPU
		{F72DA787-3FAE-4A61-B988-696E3A31A6BA}.Release|Any CPU.Build.0 = Release|Any CPU
	EndGlobalSection
	GlobalSection(SolutionProperties) = preSolution
		HideSolutionNode = FALSE
	EndGlobalSection
	GlobalSection(ExtensibilityGlobals) = postSolution
		SolutionGuid = {E5CE5C93-D81D-4834-99F8-92FF44EB7054}
	EndGlobalSection
EndGlobal
